// !$*UTF8*$!
{
	archiveVersion = 1;
	classes = {
	};
	objectVersion = 56;
	objects = {

/* Begin PBXBuildFile section */
		4548C8241F71AC43414DBDBB /* Pods_VolleyBallAPI.framework in Frameworks */ = {isa = PBXBuildFile; fileRef = C61EA406B343E51C0C84DD27 /* Pods_VolleyBallAPI.framework */; };
		BA5DCD832AB312F300A1B134 /* AppDelegate.swift in Sources */ = {isa = PBXBuildFile; fileRef = BA5DCD822AB312F300A1B134 /* AppDelegate.swift */; };
		BA5DCD852AB312F300A1B134 /* SceneDelegate.swift in Sources */ = {isa = PBXBuildFile; fileRef = BA5DCD842AB312F300A1B134 /* SceneDelegate.swift */; };
		BA5DCD8A2AB312F300A1B134 /* Main.storyboard in Resources */ = {isa = PBXBuildFile; fileRef = BA5DCD882AB312F300A1B134 /* Main.storyboard */; };
		BA5DCD8C2AB312F500A1B134 /* Assets.xcassets in Resources */ = {isa = PBXBuildFile; fileRef = BA5DCD8B2AB312F500A1B134 /* Assets.xcassets */; };
		BA5DCD8F2AB312F500A1B134 /* LaunchScreen.storyboard in Resources */ = {isa = PBXBuildFile; fileRef = BA5DCD8D2AB312F500A1B134 /* LaunchScreen.storyboard */; };
		BA5DCD972AB3131A00A1B134 /* TableViewCell.swift in Sources */ = {isa = PBXBuildFile; fileRef = BA5DCD962AB3131A00A1B134 /* TableViewCell.swift */; };
		BA5DCD992AB3133800A1B134 /* TableViewController.swift in Sources */ = {isa = PBXBuildFile; fileRef = BA5DCD982AB3133800A1B134 /* TableViewController.swift */; };
		BA5DCD9B2AB3164000A1B134 /* Players.swift in Sources */ = {isa = PBXBuildFile; fileRef = BA5DCD9A2AB3164000A1B134 /* Players.swift */; };
/* End PBXBuildFile section */

/* Begin PBXFileReference section */
		7C315EC4C850F7C1D5E6BB06 /* Pods-VolleyBallAPI.debug.xcconfig */ = {isa = PBXFileReference; includeInIndex = 1; lastKnownFileType = text.xcconfig; name = "Pods-VolleyBallAPI.debug.xcconfig"; path = "Target Support Files/Pods-VolleyBallAPI/Pods-VolleyBallAPI.debug.xcconfig"; sourceTree = "<group>"; };
		BA5DCD7F2AB312F300A1B134 /* VolleyBallAPI.app */ = {isa = PBXFileReference; explicitFileType = wrapper.application; includeInIndex = 0; path = VolleyBallAPI.app; sourceTree = BUILT_PRODUCTS_DIR; };
		BA5DCD822AB312F300A1B134 /* AppDelegate.swift */ = {isa = PBXFileReference; lastKnownFileType = sourcecode.swift; path = AppDelegate.swift; sourceTree = "<group>"; };
		BA5DCD842AB312F300A1B134 /* SceneDelegate.swift */ = {isa = PBXFileReference; lastKnownFileType = sourcecode.swift; path = SceneDelegate.swift; sourceTree = "<group>"; };
		BA5DCD892AB312F300A1B134 /* Base */ = {isa = PBXFileReference; lastKnownFileType = file.storyboard; name = Base; path = Base.lproj/Main.storyboard; sourceTree = "<group>"; };
		BA5DCD8B2AB312F500A1B134 /* Assets.xcassets */ = {isa = PBXFileReference; lastKnownFileType = folder.assetcatalog; path = Assets.xcassets; sourceTree = "<group>"; };
		BA5DCD8E2AB312F500A1B134 /* Base */ = {isa = PBXFileReference; lastKnownFileType = file.storyboard; name = Base; path = Base.lproj/LaunchScreen.storyboard; sourceTree = "<group>"; };
		BA5DCD902AB312F500A1B134 /* Info.plist */ = {isa = PBXFileReference; lastKnownFileType = text.plist.xml; path = Info.plist; sourceTree = "<group>"; };
		BA5DCD962AB3131A00A1B134 /* TableViewCell.swift */ = {isa = PBXFileReference; lastKnownFileType = sourcecode.swift; path = TableViewCell.swift; sourceTree = "<group>"; };
		BA5DCD982AB3133800A1B134 /* TableViewController.swift */ = {isa = PBXFileReference; lastKnownFileType = sourcecode.swift; path = TableViewController.swift; sourceTree = "<group>"; };
		BA5DCD9A2AB3164000A1B134 /* Players.swift */ = {isa = PBXFileReference; lastKnownFileType = sourcecode.swift; path = Players.swift; sourceTree = "<group>"; };
		C61EA406B343E51C0C84DD27 /* Pods_VolleyBallAPI.framework */ = {isa = PBXFileReference; explicitFileType = wrapper.framework; includeInIndex = 0; path = Pods_VolleyBallAPI.framework; sourceTree = BUILT_PRODUCTS_DIR; };
		CCF8544A5E130716241E5DAC /* Pods-VolleyBallAPI.release.xcconfig */ = {isa = PBXFileReference; includeInIndex = 1; lastKnownFileType = text.xcconfig; name = "Pods-VolleyBallAPI.release.xcconfig"; path = "Target Support Files/Pods-VolleyBallAPI/Pods-VolleyBallAPI.release.xcconfig"; sourceTree = "<group>"; };
/* End PBXFileReference section */

/* Begin PBXFrameworksBuildPhase section */
		BA5DCD7C2AB312F300A1B134 /* Frameworks */ = {
			isa = PBXFrameworksBuildPhase;
			buildActionMask = 2147483647;
			files = (
				4548C8241F71AC43414DBDBB /* Pods_VolleyBallAPI.framework in Frameworks */,
			);
			runOnlyForDeploymentPostprocessing = 0;
		};
/* End PBXFrameworksBuildPhase section */

/* Begin PBXGroup section */
		A39455F3A4894E6B71E82F1D /* Frameworks */ = {
			isa = PBXGroup;
			children = (
				C61EA406B343E51C0C84DD27 /* Pods_VolleyBallAPI.framework */,
			);
			name = Frameworks;
			sourceTree = "<group>";
		};
		BA5DCD762AB312F300A1B134 = {
			isa = PBXGroup;
			children = (
				BA5DCD812AB312F300A1B134 /* VolleyBallAPI */,
				BA5DCD802AB312F300A1B134 /* Products */,
				F280BE622316794995933237 /* Pods */,
				A39455F3A4894E6B71E82F1D /* Frameworks */,
			);
			sourceTree = "<group>";
		};
		BA5DCD802AB312F300A1B134 /* Products */ = {
			isa = PBXGroup;
			children = (
				BA5DCD7F2AB312F300A1B134 /* VolleyBallAPI.app */,
			);
			name = Products;
			sourceTree = "<group>";
		};
		BA5DCD812AB312F300A1B134 /* VolleyBallAPI */ = {
			isa = PBXGroup;
			children = (
				BA5DCD822AB312F300A1B134 /* AppDelegate.swift */,
				BA5DCD842AB312F300A1B134 /* SceneDelegate.swift */,
				BA5DCD962AB3131A00A1B134 /* TableViewCell.swift */,
				BA5DCD982AB3133800A1B134 /* TableViewController.swift */,
				BA5DCD9A2AB3164000A1B134 /* Players.swift */,
				BA5DCD882AB312F300A1B134 /* Main.storyboard */,
				BA5DCD8B2AB312F500A1B134 /* Assets.xcassets */,
				BA5DCD8D2AB312F500A1B134 /* LaunchScreen.storyboard */,
				BA5DCD902AB312F500A1B134 /* Info.plist */,
			);
			path = VolleyBallAPI;
			sourceTree = "<group>";
		};
		F280BE622316794995933237 /* Pods */ = {
			isa = PBXGroup;
			children = (
				7C315EC4C850F7C1D5E6BB06 /* Pods-VolleyBallAPI.debug.xcconfig */,
				CCF8544A5E130716241E5DAC /* Pods-VolleyBallAPI.release.xcconfig */,
			);
			path = Pods;
			sourceTree = "<group>";
		};
/* End PBXGroup section */

/* Begin PBXNativeTarget section */
		BA5DCD7E2AB312F300A1B134 /* VolleyBallAPI */ = {
			isa = PBXNativeTarget;
			buildConfigurationList = BA5DCD932AB312F500A1B134 /* Build configuration list for PBXNativeTarget "VolleyBallAPI" */;
			buildPhases = (
				CA8163377FB4AC941CECE900 /* [CP] Check Pods Manifest.lock */,
				BA5DCD7B2AB312F300A1B134 /* Sources */,
				BA5DCD7C2AB312F300A1B134 /* Frameworks */,
				BA5DCD7D2AB312F300A1B134 /* Resources */,
				26961A39D26B17F44EE5957F /* [CP] Embed Pods Frameworks */,
			);
			buildRules = (
			);
			dependencies = (
			);
			name = VolleyBallAPI;
			productName = VolleyBallAPI;
			productReference = BA5DCD7F2AB312F300A1B134 /* VolleyBallAPI.app */;
			productType = "com.apple.product-type.application";
		};
/* End PBXNativeTarget section */

/* Begin PBXProject section */
		BA5DCD772AB312F300A1B134 /* Project object */ = {
			isa = PBXProject;
			attributes = {
				BuildIndependentTargetsInParallel = 1;
				LastSwiftUpdateCheck = 1430;
				LastUpgradeCheck = 1430;
				TargetAttributes = {
					BA5DCD7E2AB312F300A1B134 = {
						CreatedOnToolsVersion = 14.3.1;
					};
				};
			};
			buildConfigurationList = BA5DCD7A2AB312F300A1B134 /* Build configuration list for PBXProject "VolleyBallAPI" */;
			compatibilityVersion = "Xcode 14.0";
			developmentRegion = en;
			hasScannedForEncodings = 0;
			knownRegions = (
				en,
				Base,
			);
			mainGroup = BA5DCD762AB312F300A1B134;
			productRefGroup = BA5DCD802AB312F300A1B134 /* Products */;
			projectDirPath = "";
			projectRoot = "";
			targets = (
				BA5DCD7E2AB312F300A1B134 /* VolleyBallAPI */,
			);
		};
/* End PBXProject section */

/* Begin PBXResourcesBuildPhase section */
		BA5DCD7D2AB312F300A1B134 /* Resources */ = {
			isa = PBXResourcesBuildPhase;
			buildActionMask = 2147483647;
			files = (
				BA5DCD8F2AB312F500A1B134 /* LaunchScreen.storyboard in Resources */,
				BA5DCD8C2AB312F500A1B134 /* Assets.xcassets in Resources */,
				BA5DCD8A2AB312F300A1B134 /* Main.storyboard in Resources */,
			);
			runOnlyForDeploymentPostprocessing = 0;
		};
/* End PBXResourcesBuildPhase section */

/* Begin PBXShellScriptBuildPhase section */
		26961A39D26B17F44EE5957F /* [CP] Embed Pods Frameworks */ = {
			isa = PBXShellScriptBuildPhase;
			buildActionMask = 2147483647;
			files = (
			);
			inputFileListPaths = (
				"${PODS_ROOT}/Target Support Files/Pods-VolleyBallAPI/Pods-VolleyBallAPI-frameworks-${CONFIGURATION}-input-files.xcfilelist",
			);
			name = "[CP] Embed Pods Frameworks";
			outputFileListPaths = (
				"${PODS_ROOT}/Target Support Files/Pods-VolleyBallAPI/Pods-VolleyBallAPI-frameworks-${CONFIGURATION}-output-files.xcfilelist",
			);
			runOnlyForDeploymentPostprocessing = 0;
			shellPath = /bin/sh;
			shellScript = "\"${PODS_ROOT}/Target Support Files/Pods-VolleyBallAPI/Pods-VolleyBallAPI-frameworks.sh\"\n";
			showEnvVarsInLog = 0;
		};
		CA8163377FB4AC941CECE900 /* [CP] Check Pods Manifest.lock */ = {
			isa = PBXShellScriptBuildPhase;
			buildActionMask = 2147483647;
			files = (
			);
			inputFileListPaths = (
			);
			inputPaths = (
				"${PODS_PODFILE_DIR_PATH}/Podfile.lock",
				"${PODS_ROOT}/Manifest.lock",
			);
			name = "[CP] Check Pods Manifest.lock";
			outputFileListPaths = (
			);
			outputPaths = (
				"$(DERIVED_FILE_DIR)/Pods-VolleyBallAPI-checkManifestLockResult.txt",
			);
			runOnlyForDeploymentPostprocessing = 0;
			shellPath = /bin/sh;
			shellScript = "diff \"${PODS_PODFILE_DIR_PATH}/Podfile.lock\" \"${PODS_ROOT}/Manifest.lock\" > /dev/null\nif [ $? != 0 ] ; then\n    # print error to STDERR\n    echo \"error: The sandbox is not in sync with the Podfile.lock. Run 'pod install' or update your CocoaPods installation.\" >&2\n    exit 1\nfi\n# This output is used by Xcode 'outputs' to avoid re-running this script phase.\necho \"SUCCESS\" > \"${SCRIPT_OUTPUT_FILE_0}\"\n";
			showEnvVarsInLog = 0;
		};
/* End PBXShellScriptBuildPhase section */

/* Begin PBXSourcesBuildPhase section */
		BA5DCD7B2AB312F300A1B134 /* Sources */ = {
			isa = PBXSourcesBuildPhase;
			buildActionMask = 2147483647;
			files = (
				BA5DCD972AB3131A00A1B134 /* TableViewCell.swift in Sources */,
				BA5DCD9B2AB3164000A1B134 /* Players.swift in Sources */,
				BA5DCD832AB312F300A1B134 /* AppDelegate.swift in Sources */,
				BA5DCD852AB312F300A1B134 /* SceneDelegate.swift in Sources */,
				BA5DCD992AB3133800A1B134 /* TableViewController.swift in Sources */,
			);
			runOnlyForDeploymentPostprocessing = 0;
		};
/* End PBXSourcesBuildPhase section */

/* Begin PBXVariantGroup section */
		BA5DCD882AB312F300A1B134 /* Main.storyboard */ = {
			isa = PBXVariantGroup;
			children = (
				BA5DCD892AB312F300A1B134 /* Base */,
			);
			name = Main.storyboard;
			sourceTree = "<group>";
		};
		BA5DCD8D2AB312F500A1B134 /* LaunchScreen.storyboard */ = {
			isa = PBXVariantGroup;
			children = (
				BA5DCD8E2AB312F500A1B134 /* Base */,
			);
			name = LaunchScreen.storyboard;
			sourceTree = "<group>";
		};
/* End PBXVariantGroup section */

/* Begin XCBuildConfiguration section */
		BA5DCD912AB312F500A1B134 /* Debug */ = {
			isa = XCBuildConfiguration;
			buildSettings = {
				ALWAYS_SEARCH_USER_PATHS = NO;
				CLANG_ANALYZER_NONNULL = YES;
				CLANG_ANALYZER_NUMBER_OBJECT_CONVERSION = YES_AGGRESSIVE;
				CLANG_CXX_LANGUAGE_STANDARD = "gnu++20";
				CLANG_ENABLE_MODULES = YES;
				CLANG_ENABLE_OBJC_ARC = YES;
				CLANG_ENABLE_OBJC_WEAK = YES;
				CLANG_WARN_BLOCK_CAPTURE_AUTORELEASING = YES;
				CLANG_WARN_BOOL_CONVERSION = YES;
				CLANG_WARN_COMMA = YES;
				CLANG_WARN_CONSTANT_CONVERSION = YES;
				CLANG_WARN_DEPRECATED_OBJC_IMPLEMENTATIONS = YES;
				CLANG_WARN_DIRECT_OBJC_ISA_USAGE = YES_ERROR;
				CLANG_WARN_DOCUMENTATION_COMMENTS = YES;
				CLANG_WARN_EMPTY_BODY = YES;
				CLANG_WARN_ENUM_CONVERSION = YES;
				CLANG_WARN_INFINITE_RECURSION = YES;
				CLANG_WARN_INT_CONVERSION = YES;
				CLANG_WARN_NON_LITERAL_NULL_CONVERSION = YES;
				CLANG_WARN_OBJC_IMPLICIT_RETAIN_SELF = YES;
				CLANG_WARN_OBJC_LITERAL_CONVERSION = YES;
				CLANG_WARN_OBJC_ROOT_CLASS = YES_ERROR;
				CLANG_WARN_QUOTED_INCLUDE_IN_FRAMEWORK_HEADER = YES;
				CLANG_WARN_RANGE_LOOP_ANALYSIS = YES;
				CLANG_WARN_STRICT_PROTOTYPES = YES;
				CLANG_WARN_SUSPICIOUS_MOVE = YES;
				CLANG_WARN_UNGUARDED_AVAILABILITY = YES_AGGRESSIVE;
				CLANG_WARN_UNREACHABLE_CODE = YES;
				CLANG_WARN__DUPLICATE_METHOD_MATCH = YES;
				COPY_PHASE_STRIP = NO;
				DEBUG_INFORMATION_FORMAT = dwarf;
				ENABLE_STRICT_OBJC_MSGSEND = YES;
				ENABLE_TESTABILITY = YES;
				GCC_C_LANGUAGE_STANDARD = gnu11;
				GCC_DYNAMIC_NO_PIC = NO;
				GCC_NO_COMMON_BLOCKS = YES;
				GCC_OPTIMIZATION_LEVEL = 0;
				GCC_PREPROCESSOR_DEFINITIONS = (
					"DEBUG=1",
					"$(inherited)",
				);
				GCC_WARN_64_TO_32_BIT_CONVERSION = YES;
				GCC_WARN_ABOUT_RETURN_TYPE = YES_ERROR;
				GCC_WARN_UNDECLARED_SELECTOR = YES;
				GCC_WARN_UNINITIALIZED_AUTOS = YES_AGGRESSIVE;
				GCC_WARN_UNUSED_FUNCTION = YES;
				GCC_WARN_UNUSED_VARIABLE = YES;
				IPHONEOS_DEPLOYMENT_TARGET = 16.4;
				MTL_ENABLE_DEBUG_INFO = INCLUDE_SOURCE;
				MTL_FAST_MATH = YES;
				ONLY_ACTIVE_ARCH = YES;
				SDKROOT = iphoneos;
				SWIFT_ACTIVE_COMPILATION_CONDITIONS = DEBUG;
				SWIFT_OPTIMIZATION_LEVEL = "-Onone";
			};
			name = Debug;
		};
		BA5DCD922AB312F500A1B134 /* Release */ = {
			isa = XCBuildConfiguration;
			buildSettings = {
				ALWAYS_SEARCH_USER_PATHS = NO;
				CLANG_ANALYZER_NONNULL = YES;
				CLANG_ANALYZER_NUMBER_OBJECT_CONVERSION = YES_AGGRESSIVE;
				CLANG_CXX_LANGUAGE_STANDARD = "gnu++20";
				CLANG_ENABLE_MODULES = YES;
				CLANG_ENABLE_OBJC_ARC = YES;
				CLANG_ENABLE_OBJC_WEAK = YES;
				CLANG_WARN_BLOCK_CAPTURE_AUTORELEASING = YES;
				CLANG_WARN_BOOL_CONVERSION = YES;
				CLANG_WARN_COMMA = YES;
				CLANG_WARN_CONSTANT_CONVERSION = YES;
				CLANG_WARN_DEPRECATED_OBJC_IMPLEMENTATIONS = YES;
				CLANG_WARN_DIRECT_OBJC_ISA_USAGE = YES_ERROR;
				CLANG_WARN_DOCUMENTATION_COMMENTS = YES;
				CLANG_WARN_EMPTY_BODY = YES;
				CLANG_WARN_ENUM_CONVERSION = YES;
				CLANG_WARN_INFINITE_RECURSION = YES;
				CLANG_WARN_INT_CONVERSION = YES;
				CLANG_WARN_NON_LITERAL_NULL_CONVERSION = YES;
				CLANG_WARN_OBJC_IMPLICIT_RETAIN_SELF = YES;
				CLANG_WARN_OBJC_LITERAL_CONVERSION = YES;
				CLANG_WARN_OBJC_ROOT_CLASS = YES_ERROR;
				CLANG_WARN_QUOTED_INCLUDE_IN_FRAMEWORK_HEADER = YES;
				CLANG_WARN_RANGE_LOOP_ANALYSIS = YES;
				CLANG_WARN_STRICT_PROTOTYPES = YES;
				CLANG_WARN_SUSPICIOUS_MOVE = YES;
				CLANG_WARN_UNGUARDED_AVAILABILITY = YES_AGGRESSIVE;
				CLANG_WARN_UNREACHABLE_CODE = YES;
				CLANG_WARN__DUPLICATE_METHOD_MATCH = YES;
				COPY_PHASE_STRIP = NO;
				DEBUG_INFORMATION_FORMAT = "dwarf-with-dsym";
				ENABLE_NS_ASSERTIONS = NO;
				ENABLE_STRICT_OBJC_MSGSEND = YES;
				GCC_C_LANGUAGE_STANDARD = gnu11;
				GCC_NO_COMMON_BLOCKS = YES;
				GCC_WARN_64_TO_32_BIT_CONVERSION = YES;
				GCC_WARN_ABOUT_RETURN_TYPE = YES_ERROR;
				GCC_WARN_UNDECLARED_SELECTOR = YES;
				GCC_WARN_UNINITIALIZED_AUTOS = YES_AGGRESSIVE;
				GCC_WARN_UNUSED_FUNCTION = YES;
				GCC_WARN_UNUSED_VARIABLE = YES;
				IPHONEOS_DEPLOYMENT_TARGET = 16.4;
				MTL_ENABLE_DEBUG_INFO = NO;
				MTL_FAST_MATH = YES;
				SDKROOT = iphoneos;
				SWIFT_COMPILATION_MODE = wholemodule;
				SWIFT_OPTIMIZATION_LEVEL = "-O";
				VALIDATE_PRODUCT = YES;
			};
			name = Release;
		};
		BA5DCD942AB312F500A1B134 /* Debug */ = {
			isa = XCBuildConfiguration;
			baseConfigurationReference = 7C315EC4C850F7C1D5E6BB06 /* Pods-VolleyBallAPI.debug.xcconfig */;
			buildSettings = {
				ASSETCATALOG_COMPILER_APPICON_NAME = AppIcon;
				ASSETCATALOG_COMPILER_GLOBAL_ACCENT_COLOR_NAME = AccentColor;
				CODE_SIGN_STYLE = Automatic;
				CURRENT_PROJECT_VERSION = 1;
				GENERATE_INFOPLIST_FILE = YES;
				INFOPLIST_FILE = VolleyBallAPI/Info.plist;
				INFOPLIST_KEY_UIApplicationSupportsIndirectInputEvents = YES;
				INFOPLIST_KEY_UILaunchStoryboardName = LaunchScreen;
				INFOPLIST_KEY_UIMainStoryboardFile = Main;
				INFOPLIST_KEY_UISupportedInterfaceOrientations_iPad = "UIInterfaceOrientationPortrait UIInterfaceOrientationPortraitUpsideDown UIInterfaceOrientationLandscapeLeft UIInterfaceOrientationLandscapeRight";
				INFOPLIST_KEY_UISupportedInterfaceOrientations_iPhone = "UIInterfaceOrientationPortrait UIInterfaceOrientationLandscapeLeft UIInterfaceOrientationLandscapeRight";
				LD_RUNPATH_SEARCH_PATHS = (
					"$(inherited)",
					"@executable_path/Frameworks",
				);
				MARKETING_VERSION = 1.0;
				PRODUCT_BUNDLE_IDENTIFIER = kz.serik.VolleyBallAPI;
				PRODUCT_NAME = "$(TARGET_NAME)";
				SWIFT_EMIT_LOC_STRINGS = YES;
				SWIFT_VERSION = 5.0;
				TARGETED_DEVICE_FAMILY = "1,2";
			};
			name = Debug;
		};
		BA5DCD952AB312F500A1B134 /* Release */ = {
			isa = XCBuildConfiguration;
			baseConfigurationReference = CCF8544A5E130716241E5DAC /* Pods-VolleyBallAPI.release.xcconfig */;
			buildSettings = {
				ASSETCATALOG_COMPILER_APPICON_NAME = AppIcon;
				ASSETCATALOG_COMPILER_GLOBAL_ACCENT_COLOR_NAME = AccentColor;
				CODE_SIGN_STYLE = Automatic;
				CURRENT_PROJECT_VERSION = 1;
				GENERATE_INFOPLIST_FILE = YES;
				INFOPLIST_FILE = VolleyBallAPI/Info.plist;
				INFOPLIST_KEY_UIApplicationSupportsIndirectInputEvents = YES;
				INFOPLIST_KEY_UILaunchStoryboardName = LaunchScreen;
				INFOPLIST_KEY_UIMainStoryboardFile = Main;
				INFOPLIST_KEY_UISupportedInterfaceOrientations_iPad = "UIInterfaceOrientationPortrait UIInterfaceOrientationPortraitUpsideDown UIInterfaceOrientationLandscapeLeft UIInterfaceOrientationLandscapeRight";
				INFOPLIST_KEY_UISupportedInterfaceOrientations_iPhone = "UIInterfaceOrientationPortrait UIInterfaceOrientationLandscapeLeft UIInterfaceOrientationLandscapeRight";
				LD_RUNPATH_SEARCH_PATHS = (
					"$(inherited)",
					"@executable_path/Frameworks",
				);
				MARKETING_VERSION = 1.0;
				PRODUCT_BUNDLE_IDENTIFIER = kz.serik.VolleyBallAPI;
				PRODUCT_NAME = "$(TARGET_NAME)";
				SWIFT_EMIT_LOC_STRINGS = YES;
				SWIFT_VERSION = 5.0;
				TARGETED_DEVICE_FAMILY = "1,2";
			};
			name = Release;
		};
/* End XCBuildConfiguration section */

/* Begin XCConfigurationList section */
		BA5DCD7A2AB312F300A1B134 /* Build configuration list for PBXProject "VolleyBallAPI" */ = {
			isa = XCConfigurationList;
			buildConfigurations = (
				BA5DCD912AB312F500A1B134 /* Debug */,
				BA5DCD922AB312F500A1B134 /* Release */,
			);
			defaultConfigurationIsVisible = 0;
			defaultConfigurationName = Release;
		};
		BA5DCD932AB312F500A1B134 /* Build configuration list for PBXNativeTarget "VolleyBallAPI" */ = {
			isa = XCConfigurationList;
			buildConfigurations = (
				BA5DCD942AB312F500A1B134 /* Debug */,
				BA5DCD952AB312F500A1B134 /* Release */,
			);
			defaultConfigurationIsVisible = 0;
			defaultConfigurationName = Release;
		};
/* End XCConfigurationList section */
	};
	rootObject = BA5DCD772AB312F300A1B134 /* Project object */;
}
